
Microsoft Visual Studio Solution File, Format Version 12.00
# Visual Studio Version 16
VisualStudioVersion = 16.0.34729.46
MinimumVisualStudioVersion = 10.0.40219.1
Project("{FAE04EC0-301F-11D3-BF4B-00C04F79EFBC}") = "CvProje", "Deneme\CvProje.csproj", "{A10645DB-D131-4BC4-A0F9-03E4E0355526}"
EndProject
Global
	GlobalSection(SolutionConfigurationPlatforms) = preSolution
		Debug|Any CPU = Debug|Any CPU
		Release|Any CPU = Release|Any CPU
	EndGlobalSection
	GlobalSection(ProjectConfigurationPlatforms) = postSolution
		{A10645DB-D131-4BC4-A0F9-03E4E0355526}.Debug|Any CPU.ActiveCfg = Debug|Any CPU
		{A10645DB-D131-4BC4-A0F9-03E4E0355526}.Debug|Any CPU.Build.0 = Debug|Any CPU
		{A10645DB-D131-4BC4-A0F9-03E4E0355526}.Release|Any CPU.ActiveCfg = Release|Any CPU
		{A10645DB-D131-4BC4-A0F9-03E4E0355526}.Release|Any CPU.Build.0 = Release|Any CPU
	EndGlobalSection
	GlobalSection(SolutionProperties) = preSolution
		HideSolutionNode = FALSE
	EndGlobalSection
	GlobalSection(ExtensibilityGlobals) = postSolution
		SolutionGuid = {84E1D911-7018-4E8C-BE80-C8E74A9EE4B7}
	EndGlobalSection
EndGlobal
